
Microsoft Visual Studio Solution File, Format Version 12.00
# Visual Studio 2012
Project("{8BC9CEB8-8B4A-11D0-8D11-00A0C91BC942}") = "17.2", "17.2\17.2.vcxproj", "{B5FA0BE6-4010-4127-A771-3CCD76B602FD}"
EndProject
Project("{8BC9CEB8-8B4A-11D0-8D11-00A0C91BC942}") = "17.3", "17.3\17.3.vcxproj", "{7CD4C7DB-3FD2-4D83-BF8E-7F9CEACB0AFE}"
EndProject
Project("{8BC9CEB8-8B4A-11D0-8D11-00A0C91BC942}") = "17.4", "17.4\17.4.vcxproj", "{D76B14AB-C5A6-469F-BFAA-5F514B1C72C7}"
EndProject
Project("{8BC9CEB8-8B4A-11D0-8D11-00A0C91BC942}") = "17.5", "17.5\17.5.vcxproj", "{8CBAE9F8-14F9-4845-9377-34946C41730B}"
EndProject
Project("{8BC9CEB8-8B4A-11D0-8D11-00A0C91BC942}") = "17.6", "17.6\17.6.vcxproj", "{45C2A428-1FE5-4BC2-A58B-3454F3C35FCF}"
EndProject
Project("{8BC9CEB8-8B4A-11D0-8D11-00A0C91BC942}") = "17.7", "17.7\17.7.vcxproj", "{AF3705DA-C7E6-465B-9E8D-814ACFBE6F37}"
EndProject
Project("{8BC9CEB8-8B4A-11D0-8D11-00A0C91BC942}") = "17.8", "17.8\17.8.vcxproj", "{E4CF02CA-C865-45D1-B718-0C7A3721C51D}"
EndProject
Project("{8BC9CEB8-8B4A-11D0-8D11-00A0C91BC942}") = "17.9", "17.9\17.9.vcxproj", "{4A893B60-372A-4DEA-9C6C-78FE7E556CB9}"
EndProject
Project("{8BC9CEB8-8B4A-11D0-8D11-00A0C91BC942}") = "17.10", "17.10\17.10.vcxproj", "{44AE9532-1D9B-44E3-9010-A0B8832B7A54}"
EndProject
Project("{8BC9CEB8-8B4A-11D0-8D11-00A0C91BC942}") = "17.11", "17.11\17.11.vcxproj", "{1A01195D-F580-4C29-92B2-F9167F7F6B98}"
EndProject
Project("{8BC9CEB8-8B4A-11D0-8D11-00A0C91BC942}") = "17.13", "17.13\17.13.vcxproj", "{80B60976-3198-474E-9C55-C6B6EF68C1CF}"
EndProject
Global
	GlobalSection(SolutionConfigurationPlatforms) = preSolution
		Debug|Win32 = Debug|Win32
		Release|Win32 = Release|Win32
	EndGlobalSection
	GlobalSection(ProjectConfigurationPlatforms) = postSolution
		{B5FA0BE6-4010-4127-A771-3CCD76B602FD}.Debug|Win32.ActiveCfg = Debug|Win32
		{B5FA0BE6-4010-4127-A771-3CCD76B602FD}.Debug|Win32.Build.0 = Debug|Win32
		{B5FA0BE6-4010-4127-A771-3CCD76B602FD}.Release|Win32.ActiveCfg = Release|Win32
		{B5FA0BE6-4010-4127-A771-3CCD76B602FD}.Release|Win32.Build.0 = Release|Win32
		{7CD4C7DB-3FD2-4D83-BF8E-7F9CEACB0AFE}.Debug|Win32.ActiveCfg = Debug|Win32
		{7CD4C7DB-3FD2-4D83-BF8E-7F9CEACB0AFE}.Debug|Win32.Build.0 = Debug|Win32
		{7CD4C7DB-3FD2-4D83-BF8E-7F9CEACB0AFE}.Release|Win32.ActiveCfg = Release|Win32
		{7CD4C7DB-3FD2-4D83-BF8E-7F9CEACB0AFE}.Release|Win32.Build.0 = Release|Win32
		{D76B14AB-C5A6-469F-BFAA-5F514B1C72C7}.Debug|Win32.ActiveCfg = Debug|Win32
		{D76B14AB-C5A6-469F-BFAA-5F514B1C72C7}.Debug|Win32.Build.0 = Debug|Win32
		{D76B14AB-C5A6-469F-BFAA-5F514B1C72C7}.Release|Win32.ActiveCfg = Release|Win32
		{D76B14AB-C5A6-469F-BFAA-5F514B1C72C7}.Release|Win32.Build.0 = Release|Win32
		{8CBAE9F8-14F9-4845-9377-34946C41730B}.Debug|Win32.ActiveCfg = Debug|Win32
		{8CBAE9F8-14F9-4845-9377-34946C41730B}.Debug|Win32.Build.0 = Debug|Win32
		{8CBAE9F8-14F9-4845-9377-34946C41730B}.Release|Win32.ActiveCfg = Release|Win32
		{8CBAE9F8-14F9-4845-9377-34946C41730B}.Release|Win32.Build.0 = Release|Win32
		{45C2A428-1FE5-4BC2-A58B-3454F3C35FCF}.Debug|Win32.ActiveCfg = Debug|Win32
		{45C2A428-1FE5-4BC2-A58B-3454F3C35FCF}.Debug|Win32.Build.0 = Debug|Win32
		{45C2A428-1FE5-4BC2-A58B-3454F3C35FCF}.Release|Win32.ActiveCfg = Release|Win32
		{45C2A428-1FE5-4BC2-A58B-3454F3C35FCF}.Release|Win32.Build.0 = Release|Win32
		{AF3705DA-C7E6-465B-9E8D-814ACFBE6F37}.Debug|Win32.ActiveCfg = Debug|Win32
		{AF3705DA-C7E6-465B-9E8D-814ACFBE6F37}.Debug|Win32.Build.0 = Debug|Win32
		{AF3705DA-C7E6-465B-9E8D-814ACFBE6F37}.Release|Win32.ActiveCfg = Release|Win32
		{AF3705DA-C7E6-465B-9E8D-814ACFBE6F37}.Release|Win32.Build.0 = Release|Win32
		{E4CF02CA-C865-45D1-B718-0C7A3721C51D}.Debug|Win32.ActiveCfg = Debug|Win32
		{E4CF02CA-C865-45D1-B718-0C7A3721C51D}.Debug|Win32.Build.0 = Debug|Win32
		{E4CF02CA-C865-45D1-B718-0C7A3721C51D}.Release|Win32.ActiveCfg = Release|Win32
		{E4CF02CA-C865-45D1-B718-0C7A3721C51D}.Release|Win32.Build.0 = Release|Win32
		{4A893B60-372A-4DEA-9C6C-78FE7E556CB9}.Debug|Win32.ActiveCfg = Debug|Win32
		{4A893B60-372A-4DEA-9C6C-78FE7E556CB9}.Debug|Win32.Build.0 = Debug|Win32
		{4A893B60-372A-4DEA-9C6C-78FE7E556CB9}.Release|Win32.ActiveCfg = Release|Win32
		{4A893B60-372A-4DEA-9C6C-78FE7E556CB9}.Release|Win32.Build.0 = Release|Win32
		{44AE9532-1D9B-44E3-9010-A0B8832B7A54}.Debug|Win32.ActiveCfg = Debug|Win32
		{44AE9532-1D9B-44E3-9010-A0B8832B7A54}.Debug|Win32.Build.0 = Debug|Win32
		{44AE9532-1D9B-44E3-9010-A0B8832B7A54}.Release|Win32.ActiveCfg = Release|Win32
		{44AE9532-1D9B-44E3-9010-A0B8832B7A54}.Release|Win32.Build.0 = Release|Win32
		{1A01195D-F580-4C29-92B2-F9167F7F6B98}.Debug|Win32.ActiveCfg = Debug|Win32
		{1A01195D-F580-4C29-92B2-F9167F7F6B98}.Debug|Win32.Build.0 = Debug|Win32
		{1A01195D-F580-4C29-92B2-F9167F7F6B98}.Release|Win32.ActiveCfg = Release|Win32
		{1A01195D-F580-4C29-92B2-F9167F7F6B98}.Release|Win32.Build.0 = Release|Win32
		{80B60976-3198-474E-9C55-C6B6EF68C1CF}.Debug|Win32.ActiveCfg = Debug|Win32
		{80B60976-3198-474E-9C55-C6B6EF68C1CF}.Debug|Win32.Build.0 = Debug|Win32
		{80B60976-3198-474E-9C55-C6B6EF68C1CF}.Release|Win32.ActiveCfg = Release|Win32
		{80B60976-3198-474E-9C55-C6B6EF68C1CF}.Release|Win32.Build.0 = Release|Win32
	EndGlobalSection
	GlobalSection(SolutionProperties) = preSolution
		HideSolutionNode = FALSE
	EndGlobalSection
EndGlobal
