
Microsoft Visual Studio Solution File, Format Version 12.00
# Visual Studio 2012
Project("{8BC9CEB8-8B4A-11D0-8D11-00A0C91BC942}") = "12.1", "12.1\12.1.vcxproj", "{DBED3F41-70AA-4961-9D5F-6CD37E65ACC6}"
EndProject
Project("{8BC9CEB8-8B4A-11D0-8D11-00A0C91BC942}") = "12.2", "12.2\12.2.vcxproj", "{01A246D7-33CC-4823-899C-55F49F4FFEBA}"
EndProject
Project("{8BC9CEB8-8B4A-11D0-8D11-00A0C91BC942}") = "12.3", "12.3\12.3.vcxproj", "{2481CF1E-8948-4EB6-B448-E44548D49653}"
EndProject
Project("{8BC9CEB8-8B4A-11D0-8D11-00A0C91BC942}") = "12.4", "12.4\12.4.vcxproj", "{8C0AE900-B025-42FE-81CD-2F124B28E0A9}"
EndProject
Project("{8BC9CEB8-8B4A-11D0-8D11-00A0C91BC942}") = "12.5", "12.5\12.5.vcxproj", "{55834EB4-BB8C-4833-A8B3-0664858CA526}"
EndProject
Project("{8BC9CEB8-8B4A-11D0-8D11-00A0C91BC942}") = "12.6", "12.6\12.6.vcxproj", "{33E20DDF-CD2C-44A3-9C39-0A3ECDBAE60E}"
EndProject
Project("{8BC9CEB8-8B4A-11D0-8D11-00A0C91BC942}") = "12.7", "12.7\12.7.vcxproj", "{839C3ED6-E905-48BF-8FC1-96F6C3D77DAD}"
EndProject
Project("{8BC9CEB8-8B4A-11D0-8D11-00A0C91BC942}") = "12.8", "12.8\12.8.vcxproj", "{9083837B-C120-4C8E-AD10-B034F317FD86}"
EndProject
Project("{8BC9CEB8-8B4A-11D0-8D11-00A0C91BC942}") = "12.9", "12.9\12.9.vcxproj", "{BB7F95CB-C35F-4697-92A9-BA08D30975C7}"
EndProject
Project("{8BC9CEB8-8B4A-11D0-8D11-00A0C91BC942}") = "12.10", "12.10\12.10.vcxproj", "{D40CABB3-2A83-4517-8623-FA9213D0BE46}"
EndProject
Project("{8BC9CEB8-8B4A-11D0-8D11-00A0C91BC942}") = "12.11", "12.11\12.11.vcxproj", "{D00CAE2A-8EF2-458F-9AA9-95174965D4F4}"
EndProject
Project("{8BC9CEB8-8B4A-11D0-8D11-00A0C91BC942}") = "12.12", "12.12\12.12.vcxproj", "{16CC8912-393B-4F29-9FE3-F2458BDEC640}"
EndProject
Global
	GlobalSection(SolutionConfigurationPlatforms) = preSolution
		Debug|Win32 = Debug|Win32
		Release|Win32 = Release|Win32
	EndGlobalSection
	GlobalSection(ProjectConfigurationPlatforms) = postSolution
		{DBED3F41-70AA-4961-9D5F-6CD37E65ACC6}.Debug|Win32.ActiveCfg = Debug|Win32
		{DBED3F41-70AA-4961-9D5F-6CD37E65ACC6}.Debug|Win32.Build.0 = Debug|Win32
		{DBED3F41-70AA-4961-9D5F-6CD37E65ACC6}.Release|Win32.ActiveCfg = Debug|Win32
		{DBED3F41-70AA-4961-9D5F-6CD37E65ACC6}.Release|Win32.Build.0 = Debug|Win32
		{01A246D7-33CC-4823-899C-55F49F4FFEBA}.Debug|Win32.ActiveCfg = Debug|Win32
		{01A246D7-33CC-4823-899C-55F49F4FFEBA}.Debug|Win32.Build.0 = Debug|Win32
		{01A246D7-33CC-4823-899C-55F49F4FFEBA}.Release|Win32.ActiveCfg = Debug|Win32
		{01A246D7-33CC-4823-899C-55F49F4FFEBA}.Release|Win32.Build.0 = Debug|Win32
		{2481CF1E-8948-4EB6-B448-E44548D49653}.Debug|Win32.ActiveCfg = Debug|Win32
		{2481CF1E-8948-4EB6-B448-E44548D49653}.Debug|Win32.Build.0 = Debug|Win32
		{2481CF1E-8948-4EB6-B448-E44548D49653}.Release|Win32.ActiveCfg = Debug|Win32
		{2481CF1E-8948-4EB6-B448-E44548D49653}.Release|Win32.Build.0 = Debug|Win32
		{8C0AE900-B025-42FE-81CD-2F124B28E0A9}.Debug|Win32.ActiveCfg = Debug|Win32
		{8C0AE900-B025-42FE-81CD-2F124B28E0A9}.Debug|Win32.Build.0 = Debug|Win32
		{8C0AE900-B025-42FE-81CD-2F124B28E0A9}.Release|Win32.ActiveCfg = Release|Win32
		{8C0AE900-B025-42FE-81CD-2F124B28E0A9}.Release|Win32.Build.0 = Release|Win32
		{55834EB4-BB8C-4833-A8B3-0664858CA526}.Debug|Win32.ActiveCfg = Debug|Win32
		{55834EB4-BB8C-4833-A8B3-0664858CA526}.Debug|Win32.Build.0 = Debug|Win32
		{55834EB4-BB8C-4833-A8B3-0664858CA526}.Release|Win32.ActiveCfg = Release|Win32
		{55834EB4-BB8C-4833-A8B3-0664858CA526}.Release|Win32.Build.0 = Release|Win32
		{33E20DDF-CD2C-44A3-9C39-0A3ECDBAE60E}.Debug|Win32.ActiveCfg = Debug|Win32
		{33E20DDF-CD2C-44A3-9C39-0A3ECDBAE60E}.Debug|Win32.Build.0 = Debug|Win32
		{33E20DDF-CD2C-44A3-9C39-0A3ECDBAE60E}.Release|Win32.ActiveCfg = Release|Win32
		{33E20DDF-CD2C-44A3-9C39-0A3ECDBAE60E}.Release|Win32.Build.0 = Release|Win32
		{839C3ED6-E905-48BF-8FC1-96F6C3D77DAD}.Debug|Win32.ActiveCfg = Debug|Win32
		{839C3ED6-E905-48BF-8FC1-96F6C3D77DAD}.Debug|Win32.Build.0 = Debug|Win32
		{839C3ED6-E905-48BF-8FC1-96F6C3D77DAD}.Release|Win32.ActiveCfg = Release|Win32
		{839C3ED6-E905-48BF-8FC1-96F6C3D77DAD}.Release|Win32.Build.0 = Release|Win32
		{9083837B-C120-4C8E-AD10-B034F317FD86}.Debug|Win32.ActiveCfg = Debug|Win32
		{9083837B-C120-4C8E-AD10-B034F317FD86}.Debug|Win32.Build.0 = Debug|Win32
		{9083837B-C120-4C8E-AD10-B034F317FD86}.Release|Win32.ActiveCfg = Release|Win32
		{9083837B-C120-4C8E-AD10-B034F317FD86}.Release|Win32.Build.0 = Release|Win32
		{BB7F95CB-C35F-4697-92A9-BA08D30975C7}.Debug|Win32.ActiveCfg = Debug|Win32
		{BB7F95CB-C35F-4697-92A9-BA08D30975C7}.Debug|Win32.Build.0 = Debug|Win32
		{BB7F95CB-C35F-4697-92A9-BA08D30975C7}.Release|Win32.ActiveCfg = Release|Win32
		{BB7F95CB-C35F-4697-92A9-BA08D30975C7}.Release|Win32.Build.0 = Release|Win32
		{D40CABB3-2A83-4517-8623-FA9213D0BE46}.Debug|Win32.ActiveCfg = Debug|Win32
		{D40CABB3-2A83-4517-8623-FA9213D0BE46}.Debug|Win32.Build.0 = Debug|Win32
		{D40CABB3-2A83-4517-8623-FA9213D0BE46}.Release|Win32.ActiveCfg = Release|Win32
		{D40CABB3-2A83-4517-8623-FA9213D0BE46}.Release|Win32.Build.0 = Release|Win32
		{D00CAE2A-8EF2-458F-9AA9-95174965D4F4}.Debug|Win32.ActiveCfg = Debug|Win32
		{D00CAE2A-8EF2-458F-9AA9-95174965D4F4}.Debug|Win32.Build.0 = Debug|Win32
		{D00CAE2A-8EF2-458F-9AA9-95174965D4F4}.Release|Win32.ActiveCfg = Release|Win32
		{D00CAE2A-8EF2-458F-9AA9-95174965D4F4}.Release|Win32.Build.0 = Release|Win32
		{16CC8912-393B-4F29-9FE3-F2458BDEC640}.Debug|Win32.ActiveCfg = Debug|Win32
		{16CC8912-393B-4F29-9FE3-F2458BDEC640}.Debug|Win32.Build.0 = Debug|Win32
		{16CC8912-393B-4F29-9FE3-F2458BDEC640}.Release|Win32.ActiveCfg = Release|Win32
		{16CC8912-393B-4F29-9FE3-F2458BDEC640}.Release|Win32.Build.0 = Release|Win32
	EndGlobalSection
	GlobalSection(SolutionProperties) = preSolution
		HideSolutionNode = FALSE
	EndGlobalSection
EndGlobal
