
Microsoft Visual Studio Solution File, Format Version 12.00
# Visual Studio 2012
Project("{8BC9CEB8-8B4A-11D0-8D11-00A0C91BC942}") = "14.1", "14.1\14.1.vcxproj", "{5FCD9215-D112-43EF-8B28-DBC1EAE7448C}"
EndProject
Project("{8BC9CEB8-8B4A-11D0-8D11-00A0C91BC942}") = "14.3", "14.3\14.3.vcxproj", "{836DA5D1-008F-4549-94AF-E88F65D2733C}"
EndProject
Project("{8BC9CEB8-8B4A-11D0-8D11-00A0C91BC942}") = "14.4", "14.4\14.4.vcxproj", "{18C696BF-4138-4B3A-B6F2-2E761F3A7524}"
EndProject
Project("{8BC9CEB8-8B4A-11D0-8D11-00A0C91BC942}") = "14.5", "14.5\14.5.vcxproj", "{D39ED60F-D144-4DFA-B9B4-242074F05157}"
EndProject
Project("{8BC9CEB8-8B4A-11D0-8D11-00A0C91BC942}") = "14.6", "14.6\14.6.vcxproj", "{B47B578A-FDFD-48AC-B686-9911C95DD36B}"
EndProject
Project("{8BC9CEB8-8B4A-11D0-8D11-00A0C91BC942}") = "14.8", "14.8\14.8.vcxproj", "{D3F5398C-0FCD-410E-8B0A-9DE9CFC5C7F2}"
EndProject
Project("{8BC9CEB8-8B4A-11D0-8D11-00A0C91BC942}") = "14.15", "14.15\14.15.vcxproj", "{F6046046-14CD-4848-B86E-9873B98E55F6}"
EndProject
Project("{8BC9CEB8-8B4A-11D0-8D11-00A0C91BC942}") = "14.16", "14.16\14.16.vcxproj", "{A8976093-9E7A-4C14-8B4A-113850DCB6F9}"
EndProject
Global
	GlobalSection(SolutionConfigurationPlatforms) = preSolution
		Debug|Win32 = Debug|Win32
		Release|Win32 = Release|Win32
	EndGlobalSection
	GlobalSection(ProjectConfigurationPlatforms) = postSolution
		{5FCD9215-D112-43EF-8B28-DBC1EAE7448C}.Debug|Win32.ActiveCfg = Debug|Win32
		{5FCD9215-D112-43EF-8B28-DBC1EAE7448C}.Debug|Win32.Build.0 = Debug|Win32
		{5FCD9215-D112-43EF-8B28-DBC1EAE7448C}.Release|Win32.ActiveCfg = Release|Win32
		{5FCD9215-D112-43EF-8B28-DBC1EAE7448C}.Release|Win32.Build.0 = Release|Win32
		{836DA5D1-008F-4549-94AF-E88F65D2733C}.Debug|Win32.ActiveCfg = Debug|Win32
		{836DA5D1-008F-4549-94AF-E88F65D2733C}.Debug|Win32.Build.0 = Debug|Win32
		{836DA5D1-008F-4549-94AF-E88F65D2733C}.Release|Win32.ActiveCfg = Release|Win32
		{836DA5D1-008F-4549-94AF-E88F65D2733C}.Release|Win32.Build.0 = Release|Win32
		{18C696BF-4138-4B3A-B6F2-2E761F3A7524}.Debug|Win32.ActiveCfg = Debug|Win32
		{18C696BF-4138-4B3A-B6F2-2E761F3A7524}.Debug|Win32.Build.0 = Debug|Win32
		{18C696BF-4138-4B3A-B6F2-2E761F3A7524}.Release|Win32.ActiveCfg = Release|Win32
		{18C696BF-4138-4B3A-B6F2-2E761F3A7524}.Release|Win32.Build.0 = Release|Win32
		{D39ED60F-D144-4DFA-B9B4-242074F05157}.Debug|Win32.ActiveCfg = Debug|Win32
		{D39ED60F-D144-4DFA-B9B4-242074F05157}.Debug|Win32.Build.0 = Debug|Win32
		{D39ED60F-D144-4DFA-B9B4-242074F05157}.Release|Win32.ActiveCfg = Release|Win32
		{D39ED60F-D144-4DFA-B9B4-242074F05157}.Release|Win32.Build.0 = Release|Win32
		{B47B578A-FDFD-48AC-B686-9911C95DD36B}.Debug|Win32.ActiveCfg = Debug|Win32
		{B47B578A-FDFD-48AC-B686-9911C95DD36B}.Debug|Win32.Build.0 = Debug|Win32
		{B47B578A-FDFD-48AC-B686-9911C95DD36B}.Release|Win32.ActiveCfg = Release|Win32
		{B47B578A-FDFD-48AC-B686-9911C95DD36B}.Release|Win32.Build.0 = Release|Win32
		{D3F5398C-0FCD-410E-8B0A-9DE9CFC5C7F2}.Debug|Win32.ActiveCfg = Debug|Win32
		{D3F5398C-0FCD-410E-8B0A-9DE9CFC5C7F2}.Debug|Win32.Build.0 = Debug|Win32
		{D3F5398C-0FCD-410E-8B0A-9DE9CFC5C7F2}.Release|Win32.ActiveCfg = Release|Win32
		{D3F5398C-0FCD-410E-8B0A-9DE9CFC5C7F2}.Release|Win32.Build.0 = Release|Win32
		{F6046046-14CD-4848-B86E-9873B98E55F6}.Debug|Win32.ActiveCfg = Debug|Win32
		{F6046046-14CD-4848-B86E-9873B98E55F6}.Debug|Win32.Build.0 = Debug|Win32
		{F6046046-14CD-4848-B86E-9873B98E55F6}.Release|Win32.ActiveCfg = Release|Win32
		{F6046046-14CD-4848-B86E-9873B98E55F6}.Release|Win32.Build.0 = Release|Win32
		{A8976093-9E7A-4C14-8B4A-113850DCB6F9}.Debug|Win32.ActiveCfg = Debug|Win32
		{A8976093-9E7A-4C14-8B4A-113850DCB6F9}.Debug|Win32.Build.0 = Debug|Win32
		{A8976093-9E7A-4C14-8B4A-113850DCB6F9}.Release|Win32.ActiveCfg = Release|Win32
		{A8976093-9E7A-4C14-8B4A-113850DCB6F9}.Release|Win32.Build.0 = Release|Win32
	EndGlobalSection
	GlobalSection(SolutionProperties) = preSolution
		HideSolutionNode = FALSE
	EndGlobalSection
EndGlobal
