
Microsoft Visual Studio Solution File, Format Version 12.00
# Visual Studio 2012
Project("{8BC9CEB8-8B4A-11D0-8D11-00A0C91BC942}") = "11.1", "11.1\11.1.vcxproj", "{9B301491-1D3A-4327-BF13-79F542A9797F}"
EndProject
Project("{8BC9CEB8-8B4A-11D0-8D11-00A0C91BC942}") = "11.2", "11.2\11.2.vcxproj", "{352A218D-AAFB-42AC-A252-EE6B1152C77E}"
EndProject
Project("{8BC9CEB8-8B4A-11D0-8D11-00A0C91BC942}") = "11.3", "11.3\11.3.vcxproj", "{8F3EBEB4-F5D7-480A-8329-A001C413B658}"
EndProject
Project("{8BC9CEB8-8B4A-11D0-8D11-00A0C91BC942}") = "11.4", "11.4\11.4.vcxproj", "{1F7866A5-36B7-4353-85B6-FD08A5118F73}"
EndProject
Project("{8BC9CEB8-8B4A-11D0-8D11-00A0C91BC942}") = "11.8", "11.8\11.8.vcxproj", "{EC453544-4947-4A79-A263-9F51C285B5EE}"
EndProject
Project("{8BC9CEB8-8B4A-11D0-8D11-00A0C91BC942}") = "11.9", "11.9\11.9.vcxproj", "{25F1246E-E1BD-4ADD-AE5B-7EF82AFA3AC7}"
EndProject
Project("{8BC9CEB8-8B4A-11D0-8D11-00A0C91BC942}") = "11.10", "11.10\11.10.vcxproj", "{2C1E2E43-EF53-4531-80E2-4E2CB3146616}"
EndProject
Project("{8BC9CEB8-8B4A-11D0-8D11-00A0C91BC942}") = "11.11", "11.11\11.11.vcxproj", "{2BFF5CA9-C1A8-4EF4-8508-E86B70CDAC3B}"
EndProject
Project("{8BC9CEB8-8B4A-11D0-8D11-00A0C91BC942}") = "11.12", "11.12\11.12.vcxproj", "{54B2C567-9987-4668-BDC2-684CE01EDA0E}"
EndProject
Project("{8BC9CEB8-8B4A-11D0-8D11-00A0C91BC942}") = "11.13", "11.13\11.13.vcxproj", "{8B7BCB26-FF27-46D5-AC0D-2A13365A88F8}"
EndProject
Project("{8BC9CEB8-8B4A-11D0-8D11-00A0C91BC942}") = "11.14", "11.14\11.14.vcxproj", "{D25B7FCB-A2F6-4B1C-998C-AF32D1BE31E7}"
EndProject
Project("{8BC9CEB8-8B4A-11D0-8D11-00A0C91BC942}") = "11.15", "11.15\11.15.vcxproj", "{04615063-BE08-465B-AA11-107EA511A002}"
EndProject
Global
	GlobalSection(SolutionConfigurationPlatforms) = preSolution
		Debug|Win32 = Debug|Win32
		Release|Win32 = Release|Win32
	EndGlobalSection
	GlobalSection(ProjectConfigurationPlatforms) = postSolution
		{9B301491-1D3A-4327-BF13-79F542A9797F}.Debug|Win32.ActiveCfg = Debug|Win32
		{9B301491-1D3A-4327-BF13-79F542A9797F}.Debug|Win32.Build.0 = Debug|Win32
		{9B301491-1D3A-4327-BF13-79F542A9797F}.Release|Win32.ActiveCfg = Release|Win32
		{9B301491-1D3A-4327-BF13-79F542A9797F}.Release|Win32.Build.0 = Release|Win32
		{352A218D-AAFB-42AC-A252-EE6B1152C77E}.Debug|Win32.ActiveCfg = Debug|Win32
		{352A218D-AAFB-42AC-A252-EE6B1152C77E}.Debug|Win32.Build.0 = Debug|Win32
		{352A218D-AAFB-42AC-A252-EE6B1152C77E}.Release|Win32.ActiveCfg = Release|Win32
		{352A218D-AAFB-42AC-A252-EE6B1152C77E}.Release|Win32.Build.0 = Release|Win32
		{8F3EBEB4-F5D7-480A-8329-A001C413B658}.Debug|Win32.ActiveCfg = Debug|Win32
		{8F3EBEB4-F5D7-480A-8329-A001C413B658}.Debug|Win32.Build.0 = Debug|Win32
		{8F3EBEB4-F5D7-480A-8329-A001C413B658}.Release|Win32.ActiveCfg = Release|Win32
		{8F3EBEB4-F5D7-480A-8329-A001C413B658}.Release|Win32.Build.0 = Release|Win32
		{1F7866A5-36B7-4353-85B6-FD08A5118F73}.Debug|Win32.ActiveCfg = Debug|Win32
		{1F7866A5-36B7-4353-85B6-FD08A5118F73}.Debug|Win32.Build.0 = Debug|Win32
		{1F7866A5-36B7-4353-85B6-FD08A5118F73}.Release|Win32.ActiveCfg = Release|Win32
		{1F7866A5-36B7-4353-85B6-FD08A5118F73}.Release|Win32.Build.0 = Release|Win32
		{EC453544-4947-4A79-A263-9F51C285B5EE}.Debug|Win32.ActiveCfg = Debug|Win32
		{EC453544-4947-4A79-A263-9F51C285B5EE}.Debug|Win32.Build.0 = Debug|Win32
		{EC453544-4947-4A79-A263-9F51C285B5EE}.Release|Win32.ActiveCfg = Release|Win32
		{EC453544-4947-4A79-A263-9F51C285B5EE}.Release|Win32.Build.0 = Release|Win32
		{25F1246E-E1BD-4ADD-AE5B-7EF82AFA3AC7}.Debug|Win32.ActiveCfg = Debug|Win32
		{25F1246E-E1BD-4ADD-AE5B-7EF82AFA3AC7}.Debug|Win32.Build.0 = Debug|Win32
		{25F1246E-E1BD-4ADD-AE5B-7EF82AFA3AC7}.Release|Win32.ActiveCfg = Release|Win32
		{25F1246E-E1BD-4ADD-AE5B-7EF82AFA3AC7}.Release|Win32.Build.0 = Release|Win32
		{2C1E2E43-EF53-4531-80E2-4E2CB3146616}.Debug|Win32.ActiveCfg = Debug|Win32
		{2C1E2E43-EF53-4531-80E2-4E2CB3146616}.Debug|Win32.Build.0 = Debug|Win32
		{2C1E2E43-EF53-4531-80E2-4E2CB3146616}.Release|Win32.ActiveCfg = Release|Win32
		{2C1E2E43-EF53-4531-80E2-4E2CB3146616}.Release|Win32.Build.0 = Release|Win32
		{2BFF5CA9-C1A8-4EF4-8508-E86B70CDAC3B}.Debug|Win32.ActiveCfg = Debug|Win32
		{2BFF5CA9-C1A8-4EF4-8508-E86B70CDAC3B}.Debug|Win32.Build.0 = Debug|Win32
		{2BFF5CA9-C1A8-4EF4-8508-E86B70CDAC3B}.Release|Win32.ActiveCfg = Release|Win32
		{2BFF5CA9-C1A8-4EF4-8508-E86B70CDAC3B}.Release|Win32.Build.0 = Release|Win32
		{54B2C567-9987-4668-BDC2-684CE01EDA0E}.Debug|Win32.ActiveCfg = Debug|Win32
		{54B2C567-9987-4668-BDC2-684CE01EDA0E}.Debug|Win32.Build.0 = Debug|Win32
		{54B2C567-9987-4668-BDC2-684CE01EDA0E}.Release|Win32.ActiveCfg = Release|Win32
		{54B2C567-9987-4668-BDC2-684CE01EDA0E}.Release|Win32.Build.0 = Release|Win32
		{8B7BCB26-FF27-46D5-AC0D-2A13365A88F8}.Debug|Win32.ActiveCfg = Debug|Win32
		{8B7BCB26-FF27-46D5-AC0D-2A13365A88F8}.Debug|Win32.Build.0 = Debug|Win32
		{8B7BCB26-FF27-46D5-AC0D-2A13365A88F8}.Release|Win32.ActiveCfg = Release|Win32
		{8B7BCB26-FF27-46D5-AC0D-2A13365A88F8}.Release|Win32.Build.0 = Release|Win32
		{D25B7FCB-A2F6-4B1C-998C-AF32D1BE31E7}.Debug|Win32.ActiveCfg = Debug|Win32
		{D25B7FCB-A2F6-4B1C-998C-AF32D1BE31E7}.Debug|Win32.Build.0 = Debug|Win32
		{D25B7FCB-A2F6-4B1C-998C-AF32D1BE31E7}.Release|Win32.ActiveCfg = Release|Win32
		{D25B7FCB-A2F6-4B1C-998C-AF32D1BE31E7}.Release|Win32.Build.0 = Release|Win32
		{04615063-BE08-465B-AA11-107EA511A002}.Debug|Win32.ActiveCfg = Debug|Win32
		{04615063-BE08-465B-AA11-107EA511A002}.Debug|Win32.Build.0 = Debug|Win32
		{04615063-BE08-465B-AA11-107EA511A002}.Release|Win32.ActiveCfg = Release|Win32
		{04615063-BE08-465B-AA11-107EA511A002}.Release|Win32.Build.0 = Release|Win32
	EndGlobalSection
	GlobalSection(SolutionProperties) = preSolution
		HideSolutionNode = FALSE
	EndGlobalSection
EndGlobal
