
Microsoft Visual Studio Solution File, Format Version 12.00
# Visual Studio 2012
Project("{8BC9CEB8-8B4A-11D0-8D11-00A0C91BC942}") = "10.1", "10.1\10.1.vcxproj", "{56B401C6-0342-4B8B-B353-E2E444090D97}"
EndProject
Project("{8BC9CEB8-8B4A-11D0-8D11-00A0C91BC942}") = "10.2", "10.2\10.2.vcxproj", "{0F1A08B6-E669-4627-B922-B217F86E2E2F}"
EndProject
Project("{8BC9CEB8-8B4A-11D0-8D11-00A0C91BC942}") = "10.3", "10.3\10.3.vcxproj", "{1B572E5B-B1AE-4CFB-A8C5-F4BFA8E6F1BE}"
EndProject
Project("{8BC9CEB8-8B4A-11D0-8D11-00A0C91BC942}") = "10.5", "10.5\10.5.vcxproj", "{26AE35EC-9C36-428B-BEA5-B69CEC67B12A}"
EndProject
Project("{8BC9CEB8-8B4A-11D0-8D11-00A0C91BC942}") = "10.8", "10.8\10.8.vcxproj", "{754AA401-9222-4A1B-8137-6CA8FFF08E3E}"
EndProject
Project("{8BC9CEB8-8B4A-11D0-8D11-00A0C91BC942}") = "10.9", "10.9\10.9.vcxproj", "{94A318BA-2C5A-4C5D-A74E-8CDD87EF6A3E}"
EndProject
Project("{8BC9CEB8-8B4A-11D0-8D11-00A0C91BC942}") = "10.11", "10.11\10.11.vcxproj", "{B800805C-B9AC-4411-9CFC-55B9F58C3205}"
EndProject
Project("{8BC9CEB8-8B4A-11D0-8D11-00A0C91BC942}") = "10.12", "10.12\10.12.vcxproj", "{DDA49BC3-979D-442F-9AD1-5D0655FF880A}"
EndProject
Global
	GlobalSection(SolutionConfigurationPlatforms) = preSolution
		Debug|Win32 = Debug|Win32
		Release|Win32 = Release|Win32
	EndGlobalSection
	GlobalSection(ProjectConfigurationPlatforms) = postSolution
		{56B401C6-0342-4B8B-B353-E2E444090D97}.Debug|Win32.ActiveCfg = Debug|Win32
		{56B401C6-0342-4B8B-B353-E2E444090D97}.Debug|Win32.Build.0 = Debug|Win32
		{56B401C6-0342-4B8B-B353-E2E444090D97}.Release|Win32.ActiveCfg = Release|Win32
		{56B401C6-0342-4B8B-B353-E2E444090D97}.Release|Win32.Build.0 = Release|Win32
		{0F1A08B6-E669-4627-B922-B217F86E2E2F}.Debug|Win32.ActiveCfg = Debug|Win32
		{0F1A08B6-E669-4627-B922-B217F86E2E2F}.Debug|Win32.Build.0 = Debug|Win32
		{0F1A08B6-E669-4627-B922-B217F86E2E2F}.Release|Win32.ActiveCfg = Release|Win32
		{0F1A08B6-E669-4627-B922-B217F86E2E2F}.Release|Win32.Build.0 = Release|Win32
		{1B572E5B-B1AE-4CFB-A8C5-F4BFA8E6F1BE}.Debug|Win32.ActiveCfg = Debug|Win32
		{1B572E5B-B1AE-4CFB-A8C5-F4BFA8E6F1BE}.Debug|Win32.Build.0 = Debug|Win32
		{1B572E5B-B1AE-4CFB-A8C5-F4BFA8E6F1BE}.Release|Win32.ActiveCfg = Release|Win32
		{1B572E5B-B1AE-4CFB-A8C5-F4BFA8E6F1BE}.Release|Win32.Build.0 = Release|Win32
		{26AE35EC-9C36-428B-BEA5-B69CEC67B12A}.Debug|Win32.ActiveCfg = Debug|Win32
		{26AE35EC-9C36-428B-BEA5-B69CEC67B12A}.Debug|Win32.Build.0 = Debug|Win32
		{26AE35EC-9C36-428B-BEA5-B69CEC67B12A}.Release|Win32.ActiveCfg = Release|Win32
		{26AE35EC-9C36-428B-BEA5-B69CEC67B12A}.Release|Win32.Build.0 = Release|Win32
		{754AA401-9222-4A1B-8137-6CA8FFF08E3E}.Debug|Win32.ActiveCfg = Debug|Win32
		{754AA401-9222-4A1B-8137-6CA8FFF08E3E}.Debug|Win32.Build.0 = Debug|Win32
		{754AA401-9222-4A1B-8137-6CA8FFF08E3E}.Release|Win32.ActiveCfg = Release|Win32
		{754AA401-9222-4A1B-8137-6CA8FFF08E3E}.Release|Win32.Build.0 = Release|Win32
		{94A318BA-2C5A-4C5D-A74E-8CDD87EF6A3E}.Debug|Win32.ActiveCfg = Debug|Win32
		{94A318BA-2C5A-4C5D-A74E-8CDD87EF6A3E}.Debug|Win32.Build.0 = Debug|Win32
		{94A318BA-2C5A-4C5D-A74E-8CDD87EF6A3E}.Release|Win32.ActiveCfg = Release|Win32
		{94A318BA-2C5A-4C5D-A74E-8CDD87EF6A3E}.Release|Win32.Build.0 = Release|Win32
		{B800805C-B9AC-4411-9CFC-55B9F58C3205}.Debug|Win32.ActiveCfg = Debug|Win32
		{B800805C-B9AC-4411-9CFC-55B9F58C3205}.Debug|Win32.Build.0 = Debug|Win32
		{B800805C-B9AC-4411-9CFC-55B9F58C3205}.Release|Win32.ActiveCfg = Release|Win32
		{B800805C-B9AC-4411-9CFC-55B9F58C3205}.Release|Win32.Build.0 = Release|Win32
		{DDA49BC3-979D-442F-9AD1-5D0655FF880A}.Debug|Win32.ActiveCfg = Debug|Win32
		{DDA49BC3-979D-442F-9AD1-5D0655FF880A}.Debug|Win32.Build.0 = Debug|Win32
		{DDA49BC3-979D-442F-9AD1-5D0655FF880A}.Release|Win32.ActiveCfg = Release|Win32
		{DDA49BC3-979D-442F-9AD1-5D0655FF880A}.Release|Win32.Build.0 = Release|Win32
	EndGlobalSection
	GlobalSection(SolutionProperties) = preSolution
		HideSolutionNode = FALSE
	EndGlobalSection
EndGlobal
